{
  "requires": true,
  "lockfileVersion": 1,
  "dependencies": {
    "@types/three": {
      "version": "0.128.0",
      "resolved": "https://registry.npmjs.org/@types/three/-/three-0.128.0.tgz",
      "integrity": "sha512-Jwq5XYUkzAcPTo34hlGAQGUyAI0b2F3aCCFWG/v7ZhJBEG5HGcusMSr70GhDlT8Gs0f02QnSPZ2RCA1MrCOa/w=="
    },
    "three": {
      "version": "0.128.0",
      "resolved": "https://registry.npmjs.org/three/-/three-0.128.0.tgz",
      "integrity": "sha512-i0ap/E+OaSfzw7bD1TtYnPo3VEplkl70WX5fZqZnfZsE3k3aSFudqrrC9ldFZfYFkn1zwDmBcdGfiIm/hnbyZA=="
    },
    "typescript": {
      "version": "4.3.2",
      "resolved": "https://registry.npmjs.org/typescript/-/typescript-4.3.2.tgz",
      "integrity": "sha512-zZ4hShnmnoVnAHpVHWpTcxdv7dWP60S2FsydQLV8V5PbS3FifjWFFRiHSWpDJahly88PRyV5teTSLoq4eG7mKw=="
    }
  }
}
